
Microsoft Visual Studio Solution File, Format Version 12.00
# Visual Studio Version 16
VisualStudioVersion = 16.0.30309.148
MinimumVisualStudioVersion = 10.0.40219.1
Project("{FAE04EC0-301F-11D3-BF4B-00C04F79EFBC}") = "TUGAS SLIDE 28", "TUGAS SLIDE 28\TUGAS SLIDE 28.csproj", "{2A2E1314-41DD-4284-85CC-ED1D1469C99B}"
EndProject
Global
	GlobalSection(SolutionConfigurationPlatforms) = preSolution
		Debug|Any CPU = Debug|Any CPU
		Release|Any CPU = Release|Any CPU
	EndGlobalSection
	GlobalSection(ProjectConfigurationPlatforms) = postSolution
		{2A2E1314-41DD-4284-85CC-ED1D1469C99B}.Debug|Any CPU.ActiveCfg = Debug|Any CPU
		{2A2E1314-41DD-4284-85CC-ED1D1469C99B}.Debug|Any CPU.Build.0 = Debug|Any CPU
		{2A2E1314-41DD-4284-85CC-ED1D1469C99B}.Release|Any CPU.ActiveCfg = Release|Any CPU
		{2A2E1314-41DD-4284-85CC-ED1D1469C99B}.Release|Any CPU.Build.0 = Release|Any CPU
	EndGlobalSection
	GlobalSection(SolutionProperties) = preSolution
		HideSolutionNode = FALSE
	EndGlobalSection
	GlobalSection(ExtensibilityGlobals) = postSolution
		SolutionGuid = {1B839428-85FC-4133-8616-EF124021F075}
	EndGlobalSection
EndGlobal
