
Microsoft Visual Studio Solution File, Format Version 12.00
# Visual Studio Version 16
VisualStudioVersion = 16.0.30309.148
MinimumVisualStudioVersion = 10.0.40219.1
Project("{FAE04EC0-301F-11D3-BF4B-00C04F79EFBC}") = "TUGAS SLIDE POLA", "TUGAS SLIDE POLA\TUGAS SLIDE POLA.csproj", "{0796E50B-7AE7-49E6-94FB-250D7063EEE1}"
EndProject
Global
	GlobalSection(SolutionConfigurationPlatforms) = preSolution
		Debug|Any CPU = Debug|Any CPU
		Release|Any CPU = Release|Any CPU
	EndGlobalSection
	GlobalSection(ProjectConfigurationPlatforms) = postSolution
		{0796E50B-7AE7-49E6-94FB-250D7063EEE1}.Debug|Any CPU.ActiveCfg = Debug|Any CPU
		{0796E50B-7AE7-49E6-94FB-250D7063EEE1}.Debug|Any CPU.Build.0 = Debug|Any CPU
		{0796E50B-7AE7-49E6-94FB-250D7063EEE1}.Release|Any CPU.ActiveCfg = Release|Any CPU
		{0796E50B-7AE7-49E6-94FB-250D7063EEE1}.Release|Any CPU.Build.0 = Release|Any CPU
	EndGlobalSection
	GlobalSection(SolutionProperties) = preSolution
		HideSolutionNode = FALSE
	EndGlobalSection
	GlobalSection(ExtensibilityGlobals) = postSolution
		SolutionGuid = {7534A5AC-43D5-4422-8B4B-83ED196BEF51}
	EndGlobalSection
EndGlobal
